// !$*UTF8*$!
{
	archiveVersion = 1;
	classes = {
	};
	objectVersion = 77;
	objects = {

/* Begin PBXBuildFile section */
		780A49472D7DB7DA0092E048 /* Alamofire in Frameworks */ = {isa = PBXBuildFile; productRef = 780A49462D7DB7DA0092E048 /* Alamofire */; };
		780A49582D7DB9F40092E048 /* Kingfisher in Frameworks */ = {isa = PBXBuildFile; productRef = 780A49572D7DB9F40092E048 /* Kingfisher */; };
		780A495A2D7DBA950092E048 /* CoreData.framework in Frameworks */ = {isa = PBXBuildFile; fileRef = 780A49592D7DBA950092E048 /* CoreData.framework */; };
/* End PBXBuildFile section */

/* Begin PBXContainerItemProxy section */
		780A49252D7DB25C0092E048 /* PBXContainerItemProxy */ = {
			isa = PBXContainerItemProxy;
			containerPortal = 780A49062D7DB25B0092E048 /* Project object */;
			proxyType = 1;
			remoteGlobalIDString = 780A490D2D7DB25B0092E048;
			remoteInfo = SocialFeed;
		};
		780A492F2D7DB25C0092E048 /* PBXContainerItemProxy */ = {
			isa = PBXContainerItemProxy;
			containerPortal = 780A49062D7DB25B0092E048 /* Project object */;
			proxyType = 1;
			remoteGlobalIDString = 780A490D2D7DB25B0092E048;
			remoteInfo = SocialFeed;
		};
/* End PBXContainerItemProxy section */

/* Begin PBXCopyFilesBuildPhase section */
		780A494B2D7DB7EE0092E048 /* Embed Frameworks */ = {
			isa = PBXCopyFilesBuildPhase;
			buildActionMask = 2147483647;
			dstPath = "";
			dstSubfolderSpec = 10;
			files = (
			);
			name = "Embed Frameworks";
			runOnlyForDeploymentPostprocessing = 0;
		};
/* End PBXCopyFilesBuildPhase section */

/* Begin PBXFileReference section */
		780A490E2D7DB25B0092E048 /* SocialFeed.app */ = {isa = PBXFileReference; explicitFileType = wrapper.application; includeInIndex = 0; path = SocialFeed.app; sourceTree = BUILT_PRODUCTS_DIR; };
		780A49242D7DB25C0092E048 /* SocialFeedTests.xctest */ = {isa = PBXFileReference; explicitFileType = wrapper.cfbundle; includeInIndex = 0; path = SocialFeedTests.xctest; sourceTree = BUILT_PRODUCTS_DIR; };
		780A492E2D7DB25C0092E048 /* SocialFeedUITests.xctest */ = {isa = PBXFileReference; explicitFileType = wrapper.cfbundle; includeInIndex = 0; path = SocialFeedUITests.xctest; sourceTree = BUILT_PRODUCTS_DIR; };
		780A49592D7DBA950092E048 /* CoreData.framework */ = {isa = PBXFileReference; lastKnownFileType = wrapper.framework; name = CoreData.framework; path = System/Library/Frameworks/CoreData.framework; sourceTree = SDKROOT; };
/* End PBXFileReference section */

/* Begin PBXFileSystemSynchronizedBuildFileExceptionSet section */
		780A49362D7DB25C0092E048 /* Exceptions for "SocialFeed" folder in "SocialFeed" target */ = {
			isa = PBXFileSystemSynchronizedBuildFileExceptionSet;
			membershipExceptions = (
				Info.plist,
			);
			target = 780A490D2D7DB25B0092E048 /* SocialFeed */;
		};
/* End PBXFileSystemSynchronizedBuildFileExceptionSet section */

/* Begin PBXFileSystemSynchronizedRootGroup section */
		780A49102D7DB25B0092E048 /* SocialFeed */ = {
			isa = PBXFileSystemSynchronizedRootGroup;
			exceptions = (
				780A49362D7DB25C0092E048 /* Exceptions for "SocialFeed" folder in "SocialFeed" target */,
			);
			path = SocialFeed;
			sourceTree = "<group>";
		};
		780A49272D7DB25C0092E048 /* SocialFeedTests */ = {
			isa = PBXFileSystemSynchronizedRootGroup;
			path = SocialFeedTests;
			sourceTree = "<group>";
		};
		780A49312D7DB25C0092E048 /* SocialFeedUITests */ = {
			isa = PBXFileSystemSynchronizedRootGroup;
			path = SocialFeedUITests;
			sourceTree = "<group>";
		};
/* End PBXFileSystemSynchronizedRootGroup section */

/* Begin PBXFrameworksBuildPhase section */
		780A490B2D7DB25B0092E048 /* Frameworks */ = {
			isa = PBXFrameworksBuildPhase;
			buildActionMask = 2147483647;
			files = (
				780A49582D7DB9F40092E048 /* Kingfisher in Frameworks */,
				780A495A2D7DBA950092E048 /* CoreData.framework in Frameworks */,
				780A49472D7DB7DA0092E048 /* Alamofire in Frameworks */,
			);
			runOnlyForDeploymentPostprocessing = 0;
		};
		780A49212D7DB25C0092E048 /* Frameworks */ = {
			isa = PBXFrameworksBuildPhase;
			buildActionMask = 2147483647;
			files = (
			);
			runOnlyForDeploymentPostprocessing = 0;
		};
		780A492B2D7DB25C0092E048 /* Frameworks */ = {
			isa = PBXFrameworksBuildPhase;
			buildActionMask = 2147483647;
			files = (
			);
			runOnlyForDeploymentPostprocessing = 0;
		};
/* End PBXFrameworksBuildPhase section */

/* Begin PBXGroup section */
		780A49052D7DB25B0092E048 = {
			isa = PBXGroup;
			children = (
				780A49102D7DB25B0092E048 /* SocialFeed */,
				780A49272D7DB25C0092E048 /* SocialFeedTests */,
				780A49312D7DB25C0092E048 /* SocialFeedUITests */,
				780A49452D7DB7DA0092E048 /* Frameworks */,
				780A490F2D7DB25B0092E048 /* Products */,
			);
			sourceTree = "<group>";
		};
		780A490F2D7DB25B0092E048 /* Products */ = {
			isa = PBXGroup;
			children = (
				780A490E2D7DB25B0092E048 /* SocialFeed.app */,
				780A49242D7DB25C0092E048 /* SocialFeedTests.xctest */,
				780A492E2D7DB25C0092E048 /* SocialFeedUITests.xctest */,
			);
			name = Products;
			sourceTree = "<group>";
		};
		780A49452D7DB7DA0092E048 /* Frameworks */ = {
			isa = PBXGroup;
			children = (
				780A49592D7DBA950092E048 /* CoreData.framework */,
			);
			name = Frameworks;
			sourceTree = "<group>";
		};
/* End PBXGroup section */

/* Begin PBXNativeTarget section */
		780A490D2D7DB25B0092E048 /* SocialFeed */ = {
			isa = PBXNativeTarget;
			buildConfigurationList = 780A49372D7DB25C0092E048 /* Build configuration list for PBXNativeTarget "SocialFeed" */;
			buildPhases = (
				780A490A2D7DB25B0092E048 /* Sources */,
				780A490B2D7DB25B0092E048 /* Frameworks */,
				780A490C2D7DB25B0092E048 /* Resources */,
				780A494B2D7DB7EE0092E048 /* Embed Frameworks */,
			);
			buildRules = (
			);
			dependencies = (
			);
			fileSystemSynchronizedGroups = (
				780A49102D7DB25B0092E048 /* SocialFeed */,
			);
			name = SocialFeed;
			packageProductDependencies = (
				780A49462D7DB7DA0092E048 /* Alamofire */,
				780A49572D7DB9F40092E048 /* Kingfisher */,
			);
			productName = SocialFeed;
			productReference = 780A490E2D7DB25B0092E048 /* SocialFeed.app */;
			productType = "com.apple.product-type.application";
		};
		780A49232D7DB25C0092E048 /* SocialFeedTests */ = {
			isa = PBXNativeTarget;
			buildConfigurationList = 780A493C2D7DB25C0092E048 /* Build configuration list for PBXNativeTarget "SocialFeedTests" */;
			buildPhases = (
				780A49202D7DB25C0092E048 /* Sources */,
				780A49212D7DB25C0092E048 /* Frameworks */,
				780A49222D7DB25C0092E048 /* Resources */,
			);
			buildRules = (
			);
			dependencies = (
				780A49262D7DB25C0092E048 /* PBXTargetDependency */,
			);
			fileSystemSynchronizedGroups = (
				780A49272D7DB25C0092E048 /* SocialFeedTests */,
			);
			name = SocialFeedTests;
			packageProductDependencies = (
			);
			productName = SocialFeedTests;
			productReference = 780A49242D7DB25C0092E048 /* SocialFeedTests.xctest */;
			productType = "com.apple.product-type.bundle.unit-test";
		};
		780A492D2D7DB25C0092E048 /* SocialFeedUITests */ = {
			isa = PBXNativeTarget;
			buildConfigurationList = 780A493F2D7DB25C0092E048 /* Build configuration list for PBXNativeTarget "SocialFeedUITests" */;
			buildPhases = (
				780A492A2D7DB25C0092E048 /* Sources */,
				780A492B2D7DB25C0092E048 /* Frameworks */,
				780A492C2D7DB25C0092E048 /* Resources */,
			);
			buildRules = (
			);
			dependencies = (
				780A49302D7DB25C0092E048 /* PBXTargetDependency */,
			);
			fileSystemSynchronizedGroups = (
				780A49312D7DB25C0092E048 /* SocialFeedUITests */,
			);
			name = SocialFeedUITests;
			packageProductDependencies = (
			);
			productName = SocialFeedUITests;
			productReference = 780A492E2D7DB25C0092E048 /* SocialFeedUITests.xctest */;
			productType = "com.apple.product-type.bundle.ui-testing";
		};
/* End PBXNativeTarget section */

/* Begin PBXProject section */
		780A49062D7DB25B0092E048 /* Project object */ = {
			isa = PBXProject;
			attributes = {
				BuildIndependentTargetsInParallel = 1;
				LastSwiftUpdateCheck = 1620;
				LastUpgradeCheck = 1620;
				TargetAttributes = {
					780A490D2D7DB25B0092E048 = {
						CreatedOnToolsVersion = 16.2;
					};
					780A49232D7DB25C0092E048 = {
						CreatedOnToolsVersion = 16.2;
						TestTargetID = 780A490D2D7DB25B0092E048;
					};
					780A492D2D7DB25C0092E048 = {
						CreatedOnToolsVersion = 16.2;
						TestTargetID = 780A490D2D7DB25B0092E048;
					};
				};
			};
			buildConfigurationList = 780A49092D7DB25B0092E048 /* Build configuration list for PBXProject "SocialFeed" */;
			developmentRegion = en;
			hasScannedForEncodings = 0;
			knownRegions = (
				en,
				Base,
			);
			mainGroup = 780A49052D7DB25B0092E048;
			minimizedProjectReferenceProxies = 1;
			packageReferences = (
				780A49422D7DB36F0092E048 /* XCRemoteSwiftPackageReference "Alamofire" */,
				780A49562D7DB9E90092E048 /* XCRemoteSwiftPackageReference "Kingfisher" */,
			);
			preferredProjectObjectVersion = 77;
			productRefGroup = 780A490F2D7DB25B0092E048 /* Products */;
			projectDirPath = "";
			projectRoot = "";
			targets = (
				780A490D2D7DB25B0092E048 /* SocialFeed */,
				780A49232D7DB25C0092E048 /* SocialFeedTests */,
				780A492D2D7DB25C0092E048 /* SocialFeedUITests */,
			);
		};
/* End PBXProject section */

/* Begin PBXResourcesBuildPhase section */
		780A490C2D7DB25B0092E048 /* Resources */ = {
			isa = PBXResourcesBuildPhase;
			buildActionMask = 2147483647;
			files = (
			);
			runOnlyForDeploymentPostprocessing = 0;
		};
		780A49222D7DB25C0092E048 /* Resources */ = {
			isa = PBXResourcesBuildPhase;
			buildActionMask = 2147483647;
			files = (
			);
			runOnlyForDeploymentPostprocessing = 0;
		};
		780A492C2D7DB25C0092E048 /* Resources */ = {
			isa = PBXResourcesBuildPhase;
			buildActionMask = 2147483647;
			files = (
			);
			runOnlyForDeploymentPostprocessing = 0;
		};
/* End PBXResourcesBuildPhase section */

/* Begin PBXSourcesBuildPhase section */
		780A490A2D7DB25B0092E048 /* Sources */ = {
			isa = PBXSourcesBuildPhase;
			buildActionMask = 2147483647;
			files = (
			);
			runOnlyForDeploymentPostprocessing = 0;
		};
		780A49202D7DB25C0092E048 /* Sources */ = {
			isa = PBXSourcesBuildPhase;
			buildActionMask = 2147483647;
			files = (
			);
			runOnlyForDeploymentPostprocessing = 0;
		};
		780A492A2D7DB25C0092E048 /* Sources */ = {
			isa = PBXSourcesBuildPhase;
			buildActionMask = 2147483647;
			files = (
			);
			runOnlyForDeploymentPostprocessing = 0;
		};
/* End PBXSourcesBuildPhase section */

/* Begin PBXTargetDependency section */
		780A49262D7DB25C0092E048 /* PBXTargetDependency */ = {
			isa = PBXTargetDependency;
			target = 780A490D2D7DB25B0092E048 /* SocialFeed */;
			targetProxy = 780A49252D7DB25C0092E048 /* PBXContainerItemProxy */;
		};
		780A49302D7DB25C0092E048 /* PBXTargetDependency */ = {
			isa = PBXTargetDependency;
			target = 780A490D2D7DB25B0092E048 /* SocialFeed */;
			targetProxy = 780A492F2D7DB25C0092E048 /* PBXContainerItemProxy */;
		};
/* End PBXTargetDependency section */

/* Begin XCBuildConfiguration section */
		780A49382D7DB25C0092E048 /* Debug */ = {
			isa = XCBuildConfiguration;
			buildSettings = {
				ASSETCATALOG_COMPILER_APPICON_NAME = AppIcon;
				ASSETCATALOG_COMPILER_GLOBAL_ACCENT_COLOR_NAME = AccentColor;
				CODE_SIGN_STYLE = Automatic;
				CURRENT_PROJECT_VERSION = 1;
				DEVELOPMENT_TEAM = 8VP7TQ5RYW;
				GENERATE_INFOPLIST_FILE = YES;
				INFOPLIST_FILE = SocialFeed/Info.plist;
				INFOPLIST_KEY_UIApplicationSupportsIndirectInputEvents = YES;
				INFOPLIST_KEY_UILaunchStoryboardName = LaunchScreen;
				INFOPLIST_KEY_UISupportedInterfaceOrientations_iPad = "UIInterfaceOrientationPortrait UIInterfaceOrientationPortraitUpsideDown UIInterfaceOrientationLandscapeLeft UIInterfaceOrientationLandscapeRight";
				INFOPLIST_KEY_UISupportedInterfaceOrientations_iPhone = "UIInterfaceOrientationPortrait UIInterfaceOrientationLandscapeLeft UIInterfaceOrientationLandscapeRight";
				LD_RUNPATH_SEARCH_PATHS = (
					"$(inherited)",
					"@executable_path/Frameworks",
				);
				MARKETING_VERSION = 1.0;
				PRODUCT_BUNDLE_IDENTIFIER = VM.SocialFeed;
				PRODUCT_NAME = "$(TARGET_NAME)";
				SWIFT_EMIT_LOC_STRINGS = YES;
				SWIFT_VERSION = 5.0;
				TARGETED_DEVICE_FAMILY = "1,2";
			};
			name = Debug;
		};
		780A49392D7DB25C0092E048 /* Release */ = {
			isa = XCBuildConfiguration;
			buildSettings = {
				ASSETCATALOG_COMPILER_APPICON_NAME = AppIcon;
				ASSETCATALOG_COMPILER_GLOBAL_ACCENT_COLOR_NAME = AccentColor;
				CODE_SIGN_STYLE = Automatic;
				CURRENT_PROJECT_VERSION = 1;
				DEVELOPMENT_TEAM = 8VP7TQ5RYW;
				GENERATE_INFOPLIST_FILE = YES;
				INFOPLIST_FILE = SocialFeed/Info.plist;
				INFOPLIST_KEY_UIApplicationSupportsIndirectInputEvents = YES;
				INFOPLIST_KEY_UILaunchStoryboardName = LaunchScreen;
				INFOPLIST_KEY_UISupportedInterfaceOrientations_iPad = "UIInterfaceOrientationPortrait UIInterfaceOrientationPortraitUpsideDown UIInterfaceOrientationLandscapeLeft UIInterfaceOrientationLandscapeRight";
				INFOPLIST_KEY_UISupportedInterfaceOrientations_iPhone = "UIInterfaceOrientationPortrait UIInterfaceOrientationLandscapeLeft UIInterfaceOrientationLandscapeRight";
				LD_RUNPATH_SEARCH_PATHS = (
					"$(inherited)",
					"@executable_path/Frameworks",
				);
				MARKETING_VERSION = 1.0;
				PRODUCT_BUNDLE_IDENTIFIER = VM.SocialFeed;
				PRODUCT_NAME = "$(TARGET_NAME)";
				SWIFT_EMIT_LOC_STRINGS = YES;
				SWIFT_VERSION = 5.0;
				TARGETED_DEVICE_FAMILY = "1,2";
			};
			name = Release;
		};
		780A493A2D7DB25C0092E048 /* Debug */ = {
			isa = XCBuildConfiguration;
			buildSettings = {
				ALWAYS_SEARCH_USER_PATHS = NO;
				ASSETCATALOG_COMPILER_GENERATE_SWIFT_ASSET_SYMBOL_EXTENSIONS = YES;
				CLANG_ANALYZER_NONNULL = YES;
				CLANG_ANALYZER_NUMBER_OBJECT_CONVERSION = YES_AGGRESSIVE;
				CLANG_CXX_LANGUAGE_STANDARD = "gnu++20";
				CLANG_ENABLE_MODULES = YES;
				CLANG_ENABLE_OBJC_ARC = YES;
				CLANG_ENABLE_OBJC_WEAK = YES;
				CLANG_WARN_BLOCK_CAPTURE_AUTORELEASING = YES;
				CLANG_WARN_BOOL_CONVERSION = YES;
				CLANG_WARN_COMMA = YES;
				CLANG_WARN_CONSTANT_CONVERSION = YES;
				CLANG_WARN_DEPRECATED_OBJC_IMPLEMENTATIONS = YES;
				CLANG_WARN_DIRECT_OBJC_ISA_USAGE = YES_ERROR;
				CLANG_WARN_DOCUMENTATION_COMMENTS = YES;
				CLANG_WARN_EMPTY_BODY = YES;
				CLANG_WARN_ENUM_CONVERSION = YES;
				CLANG_WARN_INFINITE_RECURSION = YES;
				CLANG_WARN_INT_CONVERSION = YES;
				CLANG_WARN_NON_LITERAL_NULL_CONVERSION = YES;
				CLANG_WARN_OBJC_IMPLICIT_RETAIN_SELF = YES;
				CLANG_WARN_OBJC_LITERAL_CONVERSION = YES;
				CLANG_WARN_OBJC_ROOT_CLASS = YES_ERROR;
				CLANG_WARN_QUOTED_INCLUDE_IN_FRAMEWORK_HEADER = YES;
				CLANG_WARN_RANGE_LOOP_ANALYSIS = YES;
				CLANG_WARN_STRICT_PROTOTYPES = YES;
				CLANG_WARN_SUSPICIOUS_MOVE = YES;
				CLANG_WARN_UNGUARDED_AVAILABILITY = YES_AGGRESSIVE;
				CLANG_WARN_UNREACHABLE_CODE = YES;
				CLANG_WARN__DUPLICATE_METHOD_MATCH = YES;
				COPY_PHASE_STRIP = NO;
				DEBUG_INFORMATION_FORMAT = dwarf;
				ENABLE_STRICT_OBJC_MSGSEND = YES;
				ENABLE_TESTABILITY = YES;
				ENABLE_USER_SCRIPT_SANDBOXING = YES;
				GCC_C_LANGUAGE_STANDARD = gnu17;
				GCC_DYNAMIC_NO_PIC = NO;
				GCC_NO_COMMON_BLOCKS = YES;
				GCC_OPTIMIZATION_LEVEL = 0;
				GCC_PREPROCESSOR_DEFINITIONS = (
					"DEBUG=1",
					"$(inherited)",
				);
				GCC_WARN_64_TO_32_BIT_CONVERSION = YES;
				GCC_WARN_ABOUT_RETURN_TYPE = YES_ERROR;
				GCC_WARN_UNDECLARED_SELECTOR = YES;
				GCC_WARN_UNINITIALIZED_AUTOS = YES_AGGRESSIVE;
				GCC_WARN_UNUSED_FUNCTION = YES;
				GCC_WARN_UNUSED_VARIABLE = YES;
				IPHONEOS_DEPLOYMENT_TARGET = 18.2;
				LOCALIZATION_PREFERS_STRING_CATALOGS = YES;
				MTL_ENABLE_DEBUG_INFO = INCLUDE_SOURCE;
				MTL_FAST_MATH = YES;
				ONLY_ACTIVE_ARCH = YES;
				SDKROOT = iphoneos;
				SWIFT_ACTIVE_COMPILATION_CONDITIONS = "DEBUG $(inherited)";
				SWIFT_OPTIMIZATION_LEVEL = "-Onone";
			};
			name = Debug;
		};
		780A493B2D7DB25C0092E048 /* Release */ = {
			isa = XCBuildConfiguration;
			buildSettings = {
				ALWAYS_SEARCH_USER_PATHS = NO;
				ASSETCATALOG_COMPILER_GENERATE_SWIFT_ASSET_SYMBOL_EXTENSIONS = YES;
				CLANG_ANALYZER_NONNULL = YES;
				CLANG_ANALYZER_NUMBER_OBJECT_CONVERSION = YES_AGGRESSIVE;
				CLANG_CXX_LANGUAGE_STANDARD = "gnu++20";
				CLANG_ENABLE_MODULES = YES;
				CLANG_ENABLE_OBJC_ARC = YES;
				CLANG_ENABLE_OBJC_WEAK = YES;
				CLANG_WARN_BLOCK_CAPTURE_AUTORELEASING = YES;
				CLANG_WARN_BOOL_CONVERSION = YES;
				CLANG_WARN_COMMA = YES;
				CLANG_WARN_CONSTANT_CONVERSION = YES;
				CLANG_WARN_DEPRECATED_OBJC_IMPLEMENTATIONS = YES;
				CLANG_WARN_DIRECT_OBJC_ISA_USAGE = YES_ERROR;
				CLANG_WARN_DOCUMENTATION_COMMENTS = YES;
				CLANG_WARN_EMPTY_BODY = YES;
				CLANG_WARN_ENUM_CONVERSION = YES;
				CLANG_WARN_INFINITE_RECURSION = YES;
				CLANG_WARN_INT_CONVERSION = YES;
				CLANG_WARN_NON_LITERAL_NULL_CONVERSION = YES;
				CLANG_WARN_OBJC_IMPLICIT_RETAIN_SELF = YES;
				CLANG_WARN_OBJC_LITERAL_CONVERSION = YES;
				CLANG_WARN_OBJC_ROOT_CLASS = YES_ERROR;
				CLANG_WARN_QUOTED_INCLUDE_IN_FRAMEWORK_HEADER = YES;
				CLANG_WARN_RANGE_LOOP_ANALYSIS = YES;
				CLANG_WARN_STRICT_PROTOTYPES = YES;
				CLANG_WARN_SUSPICIOUS_MOVE = YES;
				CLANG_WARN_UNGUARDED_AVAILABILITY = YES_AGGRESSIVE;
				CLANG_WARN_UNREACHABLE_CODE = YES;
				CLANG_WARN__DUPLICATE_METHOD_MATCH = YES;
				COPY_PHASE_STRIP = NO;
				DEBUG_INFORMATION_FORMAT = "dwarf-with-dsym";
				ENABLE_NS_ASSERTIONS = NO;
				ENABLE_STRICT_OBJC_MSGSEND = YES;
				ENABLE_USER_SCRIPT_SANDBOXING = YES;
				GCC_C_LANGUAGE_STANDARD = gnu17;
				GCC_NO_COMMON_BLOCKS = YES;
				GCC_WARN_64_TO_32_BIT_CONVERSION = YES;
				GCC_WARN_ABOUT_RETURN_TYPE = YES_ERROR;
				GCC_WARN_UNDECLARED_SELECTOR = YES;
				GCC_WARN_UNINITIALIZED_AUTOS = YES_AGGRESSIVE;
				GCC_WARN_UNUSED_FUNCTION = YES;
				GCC_WARN_UNUSED_VARIABLE = YES;
				IPHONEOS_DEPLOYMENT_TARGET = 18.2;
				LOCALIZATION_PREFERS_STRING_CATALOGS = YES;
				MTL_ENABLE_DEBUG_INFO = NO;
				MTL_FAST_MATH = YES;
				SDKROOT = iphoneos;
				SWIFT_COMPILATION_MODE = wholemodule;
				VALIDATE_PRODUCT = YES;
			};
			name = Release;
		};
		780A493D2D7DB25C0092E048 /* Debug */ = {
			isa = XCBuildConfiguration;
			buildSettings = {
				BUNDLE_LOADER = "$(TEST_HOST)";
				CODE_SIGN_STYLE = Automatic;
				CURRENT_PROJECT_VERSION = 1;
				DEVELOPMENT_TEAM = 8VP7TQ5RYW;
				GENERATE_INFOPLIST_FILE = YES;
				IPHONEOS_DEPLOYMENT_TARGET = 18.2;
				MARKETING_VERSION = 1.0;
				PRODUCT_BUNDLE_IDENTIFIER = VM.SocialFeedTests;
				PRODUCT_NAME = "$(TARGET_NAME)";
				SWIFT_EMIT_LOC_STRINGS = NO;
				SWIFT_VERSION = 5.0;
				TARGETED_DEVICE_FAMILY = "1,2";
				TEST_HOST = "$(BUILT_PRODUCTS_DIR)/SocialFeed.app/$(BUNDLE_EXECUTABLE_FOLDER_PATH)/SocialFeed";
			};
			name = Debug;
		};
		780A493E2D7DB25C0092E048 /* Release */ = {
			isa = XCBuildConfiguration;
			buildSettings = {
				BUNDLE_LOADER = "$(TEST_HOST)";
				CODE_SIGN_STYLE = Automatic;
				CURRENT_PROJECT_VERSION = 1;
				DEVELOPMENT_TEAM = 8VP7TQ5RYW;
				GENERATE_INFOPLIST_FILE = YES;
				IPHONEOS_DEPLOYMENT_TARGET = 18.2;
				MARKETING_VERSION = 1.0;
				PRODUCT_BUNDLE_IDENTIFIER = VM.SocialFeedTests;
				PRODUCT_NAME = "$(TARGET_NAME)";
				SWIFT_EMIT_LOC_STRINGS = NO;
				SWIFT_VERSION = 5.0;
				TARGETED_DEVICE_FAMILY = "1,2";
				TEST_HOST = "$(BUILT_PRODUCTS_DIR)/SocialFeed.app/$(BUNDLE_EXECUTABLE_FOLDER_PATH)/SocialFeed";
			};
			name = Release;
		};
		780A49402D7DB25C0092E048 /* Debug */ = {
			isa = XCBuildConfiguration;
			buildSettings = {
				CODE_SIGN_STYLE = Automatic;
				CURRENT_PROJECT_VERSION = 1;
				DEVELOPMENT_TEAM = 8VP7TQ5RYW;
				GENERATE_INFOPLIST_FILE = YES;
				MARKETING_VERSION = 1.0;
				PRODUCT_BUNDLE_IDENTIFIER = VM.SocialFeedUITests;
				PRODUCT_NAME = "$(TARGET_NAME)";
				SWIFT_EMIT_LOC_STRINGS = NO;
				SWIFT_VERSION = 5.0;
				TARGETED_DEVICE_FAMILY = "1,2";
				TEST_TARGET_NAME = SocialFeed;
			};
			name = Debug;
		};
		780A49412D7DB25C0092E048 /* Release */ = {
			isa = XCBuildConfiguration;
			buildSettings = {
				CODE_SIGN_STYLE = Automatic;
				CURRENT_PROJECT_VERSION = 1;
				DEVELOPMENT_TEAM = 8VP7TQ5RYW;
				GENERATE_INFOPLIST_FILE = YES;
				MARKETING_VERSION = 1.0;
				PRODUCT_BUNDLE_IDENTIFIER = VM.SocialFeedUITests;
				PRODUCT_NAME = "$(TARGET_NAME)";
				SWIFT_EMIT_LOC_STRINGS = NO;
				SWIFT_VERSION = 5.0;
				TARGETED_DEVICE_FAMILY = "1,2";
				TEST_TARGET_NAME = SocialFeed;
			};
			name = Release;
		};
/* End XCBuildConfiguration section */

/* Begin XCConfigurationList section */
		780A49092D7DB25B0092E048 /* Build configuration list for PBXProject "SocialFeed" */ = {
			isa = XCConfigurationList;
			buildConfigurations = (
				780A493A2D7DB25C0092E048 /* Debug */,
				780A493B2D7DB25C0092E048 /* Release */,
			);
			defaultConfigurationIsVisible = 0;
			defaultConfigurationName = Release;
		};
		780A49372D7DB25C0092E048 /* Build configuration list for PBXNativeTarget "SocialFeed" */ = {
			isa = XCConfigurationList;
			buildConfigurations = (
				780A49382D7DB25C0092E048 /* Debug */,
				780A49392D7DB25C0092E048 /* Release */,
			);
			defaultConfigurationIsVisible = 0;
			defaultConfigurationName = Release;
		};
		780A493C2D7DB25C0092E048 /* Build configuration list for PBXNativeTarget "SocialFeedTests" */ = {
			isa = XCConfigurationList;
			buildConfigurations = (
				780A493D2D7DB25C0092E048 /* Debug */,
				780A493E2D7DB25C0092E048 /* Release */,
			);
			defaultConfigurationIsVisible = 0;
			defaultConfigurationName = Release;
		};
		780A493F2D7DB25C0092E048 /* Build configuration list for PBXNativeTarget "SocialFeedUITests" */ = {
			isa = XCConfigurationList;
			buildConfigurations = (
				780A49402D7DB25C0092E048 /* Debug */,
				780A49412D7DB25C0092E048 /* Release */,
			);
			defaultConfigurationIsVisible = 0;
			defaultConfigurationName = Release;
		};
/* End XCConfigurationList section */

/* Begin XCRemoteSwiftPackageReference section */
		780A49422D7DB36F0092E048 /* XCRemoteSwiftPackageReference "Alamofire" */ = {
			isa = XCRemoteSwiftPackageReference;
			repositoryURL = "https://github.com/Alamofire/Alamofire";
			requirement = {
				kind = upToNextMajorVersion;
				minimumVersion = 5.10.2;
			};
		};
		780A49562D7DB9E90092E048 /* XCRemoteSwiftPackageReference "Kingfisher" */ = {
			isa = XCRemoteSwiftPackageReference;
			repositoryURL = "https://github.com/onevcat/Kingfisher";
			requirement = {
				kind = upToNextMajorVersion;
				minimumVersion = 8.3.0;
			};
		};
/* End XCRemoteSwiftPackageReference section */

/* Begin XCSwiftPackageProductDependency section */
		780A49462D7DB7DA0092E048 /* Alamofire */ = {
			isa = XCSwiftPackageProductDependency;
			package = 780A49422D7DB36F0092E048 /* XCRemoteSwiftPackageReference "Alamofire" */;
			productName = Alamofire;
		};
		780A49572D7DB9F40092E048 /* Kingfisher */ = {
			isa = XCSwiftPackageProductDependency;
			package = 780A49562D7DB9E90092E048 /* XCRemoteSwiftPackageReference "Kingfisher" */;
			productName = Kingfisher;
		};
/* End XCSwiftPackageProductDependency section */
	};
	rootObject = 780A49062D7DB25B0092E048 /* Project object */;
}
